{
  "name": "ai-web",
  "version": "1.0.0",
  "lockfileVersion": 1,
  "requires": true,
  "dependencies": {
    "three-dots": {
      "version": "0.3.2",
      "resolved": "https://registry.npmmirror.com/three-dots/-/three-dots-0.3.2.tgz",
      "integrity": "sha512-N7JMhoCX+4mhgGWy4Hqy4PZ27shKwLRvaADn3YsK9+bImK5U/xA/woCUavehoHGrkNG3yyAzwQ6UnuFH0/yLVQ=="
    }
  }
}
