# THIS IS AN AUTOGENERATED FILE. DO NOT EDIT THIS FILE DIRECTLY.
# yarn lockfile v1


three-dots@^0.3.2:
  version "0.3.2"
  resolved "https://registry.npmmirror.com/three-dots/-/three-dots-0.3.2.tgz#02ec1193d60d9cf4901cb3918b483459da0b3d8d"
  integrity sha512-N7JMhoCX+4mhgGWy4Hqy4PZ27shKwLRvaADn3YsK9+bImK5U/xA/woCUavehoHGrkNG3yyAzwQ6UnuFH0/yLVQ==
